PODS:
  - Kingfisher (5.13.1):
    - Kingfisher/Core (= 5.13.1)
  - Kingfisher/Core (5.13.1)
  - Nimble (8.0.5)
  - Quick (2.2.0)
  - RxSwift (5.0.1)

DEPENDENCIES:
  - Kingfisher
  - Nimble
  - Quick
  - RxSwift

SPEC REPOS:
  trunk:
    - Kingfisher
    - Nimble
    - Quick
    - RxSwift

SPEC CHECKSUMS:
  Kingfisher: f33a848445e33c543620812158dc5d47f6bf90df
  Nimble: 4ab1aeb9b45553c75b9687196b0fa0713170a332
  Quick: 7fb19e13be07b5dfb3b90d4f9824c855a11af40e
  RxSwift: e2dc62b366a3adf6a0be44ba9f405efd4c94e0c4

PODFILE CHECKSUM: 99e55e03711242013ff059ff9e074428a9447893

COCOAPODS: 1.8.4
