// !$*UTF8*$!
{
	archiveVersion = 1;
	classes = {
	};
	objectVersion = 51;
	objects = {

/* Begin PBXBuildFile section */
		379D0EBE240D22960093A057 /* CharacterDetailWireframe.swift in Sources */ = {isa = PBXBuildFile; fileRef = 379D0EBD240D22960093A057 /* CharacterDetailWireframe.swift */; };
		379D0EC0240D22E10093A057 /* CharacterDetailProtocols.swift in Sources */ = {isa = PBXBuildFile; fileRef = 379D0EBF240D22E10093A057 /* CharacterDetailProtocols.swift */; };
		379D0EC2240D2A540093A057 /* CharacterDetailViewController.swift in Sources */ = {isa = PBXBuildFile; fileRef = 379D0EC1240D2A540093A057 /* CharacterDetailViewController.swift */; };
		379D0EC4240D2AA60093A057 /* CharacterDetailPresenter.swift in Sources */ = {isa = PBXBuildFile; fileRef = 379D0EC3240D2AA60093A057 /* CharacterDetailPresenter.swift */; };
		379D0EC8240E84D20093A057 /* CharacterDetailCell.swift in Sources */ = {isa = PBXBuildFile; fileRef = 379D0EC6240E84D20093A057 /* CharacterDetailCell.swift */; };
		379D0EC9240E84D20093A057 /* CharacterDetailCell.xib in Resources */ = {isa = PBXBuildFile; fileRef = 379D0EC7240E84D20093A057 /* CharacterDetailCell.xib */; };
		379D0ECB240E89BC0093A057 /* CharacterDetailResponse.swift in Sources */ = {isa = PBXBuildFile; fileRef = 379D0ECA240E89BC0093A057 /* CharacterDetailResponse.swift */; };
		379D0ED1240E8A250093A057 /* Character.swift in Sources */ = {isa = PBXBuildFile; fileRef = 379D0ECE240E8A250093A057 /* Character.swift */; };
		379D0ED2240E8A250093A057 /* CharacterDetail.swift in Sources */ = {isa = PBXBuildFile; fileRef = 379D0ECF240E8A250093A057 /* CharacterDetail.swift */; };
		379D0ED3240E8A250093A057 /* CharacterItem.swift in Sources */ = {isa = PBXBuildFile; fileRef = 379D0ED0240E8A250093A057 /* CharacterItem.swift */; };
		379D0ED7240E8B690093A057 /* Detail.swift in Sources */ = {isa = PBXBuildFile; fileRef = 379D0ED6240E8B690093A057 /* Detail.swift */; };
		379D0ED9240E8BF30093A057 /* CharacterDetailInteractor.swift in Sources */ = {isa = PBXBuildFile; fileRef = 379D0ED8240E8BF30093A057 /* CharacterDetailInteractor.swift */; };
		379D0EDB240EA4BC0093A057 /* CharacterDetailDataManager.swift in Sources */ = {isa = PBXBuildFile; fileRef = 379D0EDA240EA4BC0093A057 /* CharacterDetailDataManager.swift */; };
		379D0EDF240EC0B50093A057 /* CharacterDetailMapper.swift in Sources */ = {isa = PBXBuildFile; fileRef = 379D0EDE240EC0B50093A057 /* CharacterDetailMapper.swift */; };
		379D0EE2240F1E4D0093A057 /* CharacterDetailSectionCell.swift in Sources */ = {isa = PBXBuildFile; fileRef = 379D0EE0240F1E4D0093A057 /* CharacterDetailSectionCell.swift */; };
		379D0EE3240F1E4D0093A057 /* CharacterDetailSectionCell.xib in Resources */ = {isa = PBXBuildFile; fileRef = 379D0EE1240F1E4D0093A057 /* CharacterDetailSectionCell.xib */; };
		37B13EEF240FC6BF00FC53DF /* CharacterDetailHeader.swift in Sources */ = {isa = PBXBuildFile; fileRef = 37B13EED240FC6BF00FC53DF /* CharacterDetailHeader.swift */; };
		37B13EF0240FC6BF00FC53DF /* CharacterDetailHeader.xib in Resources */ = {isa = PBXBuildFile; fileRef = 37B13EEE240FC6BF00FC53DF /* CharacterDetailHeader.xib */; };
		37B5EC0E2409718000C6F5D7 /* LaunchScreen.storyboard in Resources */ = {isa = PBXBuildFile; fileRef = 37B5EBFF2409718000C6F5D7 /* LaunchScreen.storyboard */; };
		37B5EC0F2409718000C6F5D7 /* Assets.xcassets in Resources */ = {isa = PBXBuildFile; fileRef = 37B5EC002409718000C6F5D7 /* Assets.xcassets */; };
		37B5EC102409718000C6F5D7 /* Main.storyboard in Resources */ = {isa = PBXBuildFile; fileRef = 37B5EC012409718000C6F5D7 /* Main.storyboard */; };
		37B5EC122409718000C6F5D7 /* AppDelegate.swift in Sources */ = {isa = PBXBuildFile; fileRef = 37B5EC082409718000C6F5D7 /* AppDelegate.swift */; };
		37B5EC132409718000C6F5D7 /* SceneDelegate.swift in Sources */ = {isa = PBXBuildFile; fileRef = 37B5EC092409718000C6F5D7 /* SceneDelegate.swift */; };
		37B5EC182409725A00C6F5D7 /* Marvel.xcdatamodeld in Sources */ = {isa = PBXBuildFile; fileRef = 37B5EC162409725A00C6F5D7 /* Marvel.xcdatamodeld */; };
		37DA38F3240BC9EB00D697F3 /* ApiDefinitions.swift in Sources */ = {isa = PBXBuildFile; fileRef = 37DA38F2240BC9EB00D697F3 /* ApiDefinitions.swift */; };
		37DA38FD240BCE8D00D697F3 /* Result.swift in Sources */ = {isa = PBXBuildFile; fileRef = 37DA38FC240BCE8C00D697F3 /* Result.swift */; };
		37DA3901240BD43900D697F3 /* CharactersListInteractor.swift in Sources */ = {isa = PBXBuildFile; fileRef = 37DA3900240BD43900D697F3 /* CharactersListInteractor.swift */; };
		37DA3903240BD47900D697F3 /* CharactersListDataManager.swift in Sources */ = {isa = PBXBuildFile; fileRef = 37DA3902240BD47900D697F3 /* CharactersListDataManager.swift */; };
		37DA3905240BD4A800D697F3 /* CharactersListWireframe.swift in Sources */ = {isa = PBXBuildFile; fileRef = 37DA3904240BD4A800D697F3 /* CharactersListWireframe.swift */; };
		37DA3907240BD4E600D697F3 /* CharactersListProtocols.swift in Sources */ = {isa = PBXBuildFile; fileRef = 37DA3906240BD4E600D697F3 /* CharactersListProtocols.swift */; };
		37DA3909240BD4FE00D697F3 /* CharactersListPresenter.swift in Sources */ = {isa = PBXBuildFile; fileRef = 37DA3908240BD4FE00D697F3 /* CharactersListPresenter.swift */; };
		37DA390B240BD51300D697F3 /* CharactersListViewController.swift in Sources */ = {isa = PBXBuildFile; fileRef = 37DA390A240BD51300D697F3 /* CharactersListViewController.swift */; };
		37DA3910240BDEEF00D697F3 /* Error+Extension.swift in Sources */ = {isa = PBXBuildFile; fileRef = 37DA390F240BDEEF00D697F3 /* Error+Extension.swift */; };
		37DA3912240BEC2800D697F3 /* ApiRequest.swift in Sources */ = {isa = PBXBuildFile; fileRef = 37DA3911240BEC2800D697F3 /* ApiRequest.swift */; };
		37DA3914240BED7900D697F3 /* CharacterResponse.swift in Sources */ = {isa = PBXBuildFile; fileRef = 37DA3913240BED7900D697F3 /* CharacterResponse.swift */; };
		37DA391A240BF02100D697F3 /* MD5Helper+Extension.swift in Sources */ = {isa = PBXBuildFile; fileRef = 37DA3919240BF02100D697F3 /* MD5Helper+Extension.swift */; };
		37DA391D240BF23700D697F3 /* ApiServices.swift in Sources */ = {isa = PBXBuildFile; fileRef = 37DA391C240BF23700D697F3 /* ApiServices.swift */; };
		37DA3920240BF2B100D697F3 /* CharacterMapper.swift in Sources */ = {isa = PBXBuildFile; fileRef = 37DA391F240BF2B100D697F3 /* CharacterMapper.swift */; };
		37DA3926240C03DD00D697F3 /* CharactersRequestSpec.swift in Sources */ = {isa = PBXBuildFile; fileRef = 37DA3925240C03DD00D697F3 /* CharactersRequestSpec.swift */; };
		37DA3928240C0FBD00D697F3 /* CharacterEntitySpec.swift in Sources */ = {isa = PBXBuildFile; fileRef = 37DA3927240C0FBD00D697F3 /* CharacterEntitySpec.swift */; };
		37DA392A240C0FD300D697F3 /* CharacterDetailEntitySpec.swift in Sources */ = {isa = PBXBuildFile; fileRef = 37DA3929240C0FD300D697F3 /* CharacterDetailEntitySpec.swift */; };
		37DA392E240C24EF00D697F3 /* UIViewController+Extension.swift in Sources */ = {isa = PBXBuildFile; fileRef = 37DA392D240C24EF00D697F3 /* UIViewController+Extension.swift */; };
		37DA3931240C8E0800D697F3 /* CharactersListCell.xib in Resources */ = {isa = PBXBuildFile; fileRef = 37DA3930240C8E0800D697F3 /* CharactersListCell.xib */; };
		37DA3933240C912F00D697F3 /* CharactersListCell.swift in Sources */ = {isa = PBXBuildFile; fileRef = 37DA3932240C912F00D697F3 /* CharactersListCell.swift */; };
		CF06B7F4B8D39C983BC959E0 /* Pods_Marvel.framework in Frameworks */ = {isa = PBXBuildFile; fileRef = AD7F33338854B2F55C82B01B /* Pods_Marvel.framework */; };
		EF53D35CF619E080B41F85CF /* Pods_MarvelTests.framework in Frameworks */ = {isa = PBXBuildFile; fileRef = 1AEEE3D6A32253A257E7EABB /* Pods_MarvelTests.framework */; };
/* End PBXBuildFile section */

/* Begin PBXContainerItemProxy section */
		37925BA224088D0600AE76A4 /* PBXContainerItemProxy */ = {
			isa = PBXContainerItemProxy;
			containerPortal = 37925B8024088D0400AE76A4 /* Project object */;
			proxyType = 1;
			remoteGlobalIDString = 37925B8724088D0400AE76A4;
			remoteInfo = Marvel;
		};
/* End PBXContainerItemProxy section */

/* Begin PBXFileReference section */
		1AEEE3D6A32253A257E7EABB /* Pods_MarvelTests.framework */ = {isa = PBXFileReference; explicitFileType = wrapper.framework; includeInIndex = 0; path = Pods_MarvelTests.framework; sourceTree = BUILT_PRODUCTS_DIR; };
		21CED46F4D5CC79BA13451F6 /* Pods-MarvelTests.debug.xcconfig */ = {isa = PBXFileReference; includeInIndex = 1; lastKnownFileType = text.xcconfig; name = "Pods-MarvelTests.debug.xcconfig"; path = "Target Support Files/Pods-MarvelTests/Pods-MarvelTests.debug.xcconfig"; sourceTree = "<group>"; };
		37925B8824088D0400AE76A4 /* Marvel.app */ = {isa = PBXFileReference; explicitFileType = wrapper.application; includeInIndex = 0; path = Marvel.app; sourceTree = BUILT_PRODUCTS_DIR; };
		37925BA124088D0600AE76A4 /* MarvelTests.xctest */ = {isa = PBXFileReference; explicitFileType = wrapper.cfbundle; includeInIndex = 0; path = MarvelTests.xctest; sourceTree = BUILT_PRODUCTS_DIR; };
		37925BA724088D0600AE76A4 /* Info.plist */ = {isa = PBXFileReference; lastKnownFileType = text.plist.xml; path = Info.plist; sourceTree = "<group>"; };
		379D0EBD240D22960093A057 /* CharacterDetailWireframe.swift */ = {isa = PBXFileReference; lastKnownFileType = sourcecode.swift; path = CharacterDetailWireframe.swift; sourceTree = "<group>"; };
		379D0EBF240D22E10093A057 /* CharacterDetailProtocols.swift */ = {isa = PBXFileReference; lastKnownFileType = sourcecode.swift; path = CharacterDetailProtocols.swift; sourceTree = "<group>"; };
		379D0EC1240D2A540093A057 /* CharacterDetailViewController.swift */ = {isa = PBXFileReference; lastKnownFileType = sourcecode.swift; path = CharacterDetailViewController.swift; sourceTree = "<group>"; };
		379D0EC3240D2AA60093A057 /* CharacterDetailPresenter.swift */ = {isa = PBXFileReference; lastKnownFileType = sourcecode.swift; path = CharacterDetailPresenter.swift; sourceTree = "<group>"; };
		379D0EC6240E84D20093A057 /* CharacterDetailCell.swift */ = {isa = PBXFileReference; lastKnownFileType = sourcecode.swift; path = CharacterDetailCell.swift; sourceTree = "<group>"; };
		379D0EC7240E84D20093A057 /* CharacterDetailCell.xib */ = {isa = PBXFileReference; lastKnownFileType = file.xib; path = CharacterDetailCell.xib; sourceTree = "<group>"; };
		379D0ECA240E89BC0093A057 /* CharacterDetailResponse.swift */ = {isa = PBXFileReference; lastKnownFileType = sourcecode.swift; path = CharacterDetailResponse.swift; sourceTree = "<group>"; };
		379D0ECE240E8A250093A057 /* Character.swift */ = {isa = PBXFileReference; fileEncoding = 4; lastKnownFileType = sourcecode.swift; path = Character.swift; sourceTree = "<group>"; };
		379D0ECF240E8A250093A057 /* CharacterDetail.swift */ = {isa = PBXFileReference; fileEncoding = 4; lastKnownFileType = sourcecode.swift; path = CharacterDetail.swift; sourceTree = "<group>"; };
		379D0ED0240E8A250093A057 /* CharacterItem.swift */ = {isa = PBXFileReference; fileEncoding = 4; lastKnownFileType = sourcecode.swift; path = CharacterItem.swift; sourceTree = "<group>"; };
		379D0ED6240E8B690093A057 /* Detail.swift */ = {isa = PBXFileReference; lastKnownFileType = sourcecode.swift; path = Detail.swift; sourceTree = "<group>"; };
		379D0ED8240E8BF30093A057 /* CharacterDetailInteractor.swift */ = {isa = PBXFileReference; lastKnownFileType = sourcecode.swift; path = CharacterDetailInteractor.swift; sourceTree = "<group>"; };
		379D0EDA240EA4BC0093A057 /* CharacterDetailDataManager.swift */ = {isa = PBXFileReference; lastKnownFileType = sourcecode.swift; path = CharacterDetailDataManager.swift; sourceTree = "<group>"; };
		379D0EDE240EC0B50093A057 /* CharacterDetailMapper.swift */ = {isa = PBXFileReference; lastKnownFileType = sourcecode.swift; path = CharacterDetailMapper.swift; sourceTree = "<group>"; };
		379D0EE0240F1E4D0093A057 /* CharacterDetailSectionCell.swift */ = {isa = PBXFileReference; lastKnownFileType = sourcecode.swift; path = CharacterDetailSectionCell.swift; sourceTree = "<group>"; };
		379D0EE1240F1E4D0093A057 /* CharacterDetailSectionCell.xib */ = {isa = PBXFileReference; lastKnownFileType = file.xib; path = CharacterDetailSectionCell.xib; sourceTree = "<group>"; };
		37B13EED240FC6BF00FC53DF /* CharacterDetailHeader.swift */ = {isa = PBXFileReference; lastKnownFileType = sourcecode.swift; path = CharacterDetailHeader.swift; sourceTree = "<group>"; };
		37B13EEE240FC6BF00FC53DF /* CharacterDetailHeader.xib */ = {isa = PBXFileReference; lastKnownFileType = file.xib; path = CharacterDetailHeader.xib; sourceTree = "<group>"; };
		37B5EBFF2409718000C6F5D7 /* LaunchScreen.storyboard */ = {isa = PBXFileReference; fileEncoding = 4; lastKnownFileType = file.storyboard; path = LaunchScreen.storyboard; sourceTree = "<group>"; };
		37B5EC002409718000C6F5D7 /* Assets.xcassets */ = {isa = PBXFileReference; lastKnownFileType = folder.assetcatalog; path = Assets.xcassets; sourceTree = "<group>"; };
		37B5EC012409718000C6F5D7 /* Main.storyboard */ = {isa = PBXFileReference; fileEncoding = 4; lastKnownFileType = file.storyboard; path = Main.storyboard; sourceTree = "<group>"; };
		37B5EC052409718000C6F5D7 /* Info.plist */ = {isa = PBXFileReference; fileEncoding = 4; lastKnownFileType = text.plist.xml; path = Info.plist; sourceTree = "<group>"; };
		37B5EC082409718000C6F5D7 /* AppDelegate.swift */ = {isa = PBXFileReference; fileEncoding = 4; lastKnownFileType = sourcecode.swift; path = AppDelegate.swift; sourceTree = "<group>"; };
		37B5EC092409718000C6F5D7 /* SceneDelegate.swift */ = {isa = PBXFileReference; fileEncoding = 4; lastKnownFileType = sourcecode.swift; path = SceneDelegate.swift; sourceTree = "<group>"; };
		37B5EC172409725A00C6F5D7 /* Marvel.xcdatamodel */ = {isa = PBXFileReference; lastKnownFileType = wrapper.xcdatamodel; path = Marvel.xcdatamodel; sourceTree = "<group>"; };
		37DA38F2240BC9EB00D697F3 /* ApiDefinitions.swift */ = {isa = PBXFileReference; lastKnownFileType = sourcecode.swift; path = ApiDefinitions.swift; sourceTree = "<group>"; };
		37DA38FC240BCE8C00D697F3 /* Result.swift */ = {isa = PBXFileReference; lastKnownFileType = sourcecode.swift; path = Result.swift; sourceTree = "<group>"; };
		37DA3900240BD43900D697F3 /* CharactersListInteractor.swift */ = {isa = PBXFileReference; lastKnownFileType = sourcecode.swift; path = CharactersListInteractor.swift; sourceTree = "<group>"; };
		37DA3902240BD47900D697F3 /* CharactersListDataManager.swift */ = {isa = PBXFileReference; lastKnownFileType = sourcecode.swift; path = CharactersListDataManager.swift; sourceTree = "<group>"; };
		37DA3904240BD4A800D697F3 /* CharactersListWireframe.swift */ = {isa = PBXFileReference; lastKnownFileType = sourcecode.swift; path = CharactersListWireframe.swift; sourceTree = "<group>"; };
		37DA3906240BD4E600D697F3 /* CharactersListProtocols.swift */ = {isa = PBXFileReference; lastKnownFileType = sourcecode.swift; path = CharactersListProtocols.swift; sourceTree = "<group>"; };
		37DA3908240BD4FE00D697F3 /* CharactersListPresenter.swift */ = {isa = PBXFileReference; lastKnownFileType = sourcecode.swift; path = CharactersListPresenter.swift; sourceTree = "<group>"; };
		37DA390A240BD51300D697F3 /* CharactersListViewController.swift */ = {isa = PBXFileReference; lastKnownFileType = sourcecode.swift; path = CharactersListViewController.swift; sourceTree = "<group>"; };
		37DA390F240BDEEF00D697F3 /* Error+Extension.swift */ = {isa = PBXFileReference; fileEncoding = 4; lastKnownFileType = sourcecode.swift; path = "Error+Extension.swift"; sourceTree = "<group>"; };
		37DA3911240BEC2800D697F3 /* ApiRequest.swift */ = {isa = PBXFileReference; lastKnownFileType = sourcecode.swift; path = ApiRequest.swift; sourceTree = "<group>"; };
		37DA3913240BED7900D697F3 /* CharacterResponse.swift */ = {isa = PBXFileReference; lastKnownFileType = sourcecode.swift; path = CharacterResponse.swift; sourceTree = "<group>"; };
		37DA3919240BF02100D697F3 /* MD5Helper+Extension.swift */ = {isa = PBXFileReference; fileEncoding = 4; lastKnownFileType = sourcecode.swift; path = "MD5Helper+Extension.swift"; sourceTree = "<group>"; };
		37DA391C240BF23700D697F3 /* ApiServices.swift */ = {isa = PBXFileReference; lastKnownFileType = sourcecode.swift; path = ApiServices.swift; sourceTree = "<group>"; };
		37DA391F240BF2B100D697F3 /* CharacterMapper.swift */ = {isa = PBXFileReference; lastKnownFileType = sourcecode.swift; path = CharacterMapper.swift; sourceTree = "<group>"; };
		37DA3925240C03DD00D697F3 /* CharactersRequestSpec.swift */ = {isa = PBXFileReference; lastKnownFileType = sourcecode.swift; path = CharactersRequestSpec.swift; sourceTree = "<group>"; };
		37DA3927240C0FBD00D697F3 /* CharacterEntitySpec.swift */ = {isa = PBXFileReference; lastKnownFileType = sourcecode.swift; path = CharacterEntitySpec.swift; sourceTree = "<group>"; };
		37DA3929240C0FD300D697F3 /* CharacterDetailEntitySpec.swift */ = {isa = PBXFileReference; lastKnownFileType = sourcecode.swift; path = CharacterDetailEntitySpec.swift; sourceTree = "<group>"; };
		37DA392D240C24EF00D697F3 /* UIViewController+Extension.swift */ = {isa = PBXFileReference; fileEncoding = 4; lastKnownFileType = sourcecode.swift; path = "UIViewController+Extension.swift"; sourceTree = "<group>"; };
		37DA3930240C8E0800D697F3 /* CharactersListCell.xib */ = {isa = PBXFileReference; lastKnownFileType = file.xib; path = CharactersListCell.xib; sourceTree = "<group>"; };
		37DA3932240C912F00D697F3 /* CharactersListCell.swift */ = {isa = PBXFileReference; lastKnownFileType = sourcecode.swift; path = CharactersListCell.swift; sourceTree = "<group>"; };
		94E6AF4848B770BA071F2995 /* Pods-Marvel.release.xcconfig */ = {isa = PBXFileReference; includeInIndex = 1; lastKnownFileType = text.xcconfig; name = "Pods-Marvel.release.xcconfig"; path = "Target Support Files/Pods-Marvel/Pods-Marvel.release.xcconfig"; sourceTree = "<group>"; };
		AD7F33338854B2F55C82B01B /* Pods_Marvel.framework */ = {isa = PBXFileReference; explicitFileType = wrapper.framework; includeInIndex = 0; path = Pods_Marvel.framework; sourceTree = BUILT_PRODUCTS_DIR; };
		D1A9F6B99C6A8458B0983238 /* Pods-MarvelTests.release.xcconfig */ = {isa = PBXFileReference; includeInIndex = 1; lastKnownFileType = text.xcconfig; name = "Pods-MarvelTests.release.xcconfig"; path = "Target Support Files/Pods-MarvelTests/Pods-MarvelTests.release.xcconfig"; sourceTree = "<group>"; };
		F20F003C7D8E2ADFF86EB993 /* Pods-Marvel.debug.xcconfig */ = {isa = PBXFileReference; includeInIndex = 1; lastKnownFileType = text.xcconfig; name = "Pods-Marvel.debug.xcconfig"; path = "Target Support Files/Pods-Marvel/Pods-Marvel.debug.xcconfig"; sourceTree = "<group>"; };
/* End PBXFileReference section */

/* Begin PBXFrameworksBuildPhase section */
		37925B8524088D0400AE76A4 /* Frameworks */ = {
			isa = PBXFrameworksBuildPhase;
			buildActionMask = 2147483647;
			files = (
				CF06B7F4B8D39C983BC959E0 /* Pods_Marvel.framework in Frameworks */,
			);
			runOnlyForDeploymentPostprocessing = 0;
		};
		37925B9E24088D0600AE76A4 /* Frameworks */ = {
			isa = PBXFrameworksBuildPhase;
			buildActionMask = 2147483647;
			files = (
				EF53D35CF619E080B41F85CF /* Pods_MarvelTests.framework in Frameworks */,
			);
			runOnlyForDeploymentPostprocessing = 0;
		};
/* End PBXFrameworksBuildPhase section */

/* Begin PBXGroup section */
		3667D6FED40FCB7606575E16 /* Pods */ = {
			isa = PBXGroup;
			children = (
				F20F003C7D8E2ADFF86EB993 /* Pods-Marvel.debug.xcconfig */,
				94E6AF4848B770BA071F2995 /* Pods-Marvel.release.xcconfig */,
				21CED46F4D5CC79BA13451F6 /* Pods-MarvelTests.debug.xcconfig */,
				D1A9F6B99C6A8458B0983238 /* Pods-MarvelTests.release.xcconfig */,
			);
			path = Pods;
			sourceTree = "<group>";
		};
		37925B7F24088D0400AE76A4 = {
			isa = PBXGroup;
			children = (
				37925B8A24088D0400AE76A4 /* Marvel */,
				37925BA424088D0600AE76A4 /* MarvelTests */,
				37925B8924088D0400AE76A4 /* Products */,
				3667D6FED40FCB7606575E16 /* Pods */,
				72A47C363C9B869AC29D6720 /* Frameworks */,
			);
			sourceTree = "<group>";
		};
		37925B8924088D0400AE76A4 /* Products */ = {
			isa = PBXGroup;
			children = (
				37925B8824088D0400AE76A4 /* Marvel.app */,
				37925BA124088D0600AE76A4 /* MarvelTests.xctest */,
			);
			name = Products;
			sourceTree = "<group>";
		};
		37925B8A24088D0400AE76A4 /* Marvel */ = {
			isa = PBXGroup;
			children = (
				37B5EC032409718000C6F5D7 /* data */,
				37B5EC022409718000C6F5D7 /* entities */,
				37DA390C240BDE5500D697F3 /* extensions */,
				37DA38F9240BCE7300D697F3 /* model */,
				37B5EC062409718000C6F5D7 /* modules */,
				37B5EBFE2409718000C6F5D7 /* resources */,
				37B5EC042409718000C6F5D7 /* supportingFiles */,
			);
			path = Marvel;
			sourceTree = "<group>";
		};
		37925BA424088D0600AE76A4 /* MarvelTests */ = {
			isa = PBXGroup;
			children = (
				37925BA724088D0600AE76A4 /* Info.plist */,
				37DA3925240C03DD00D697F3 /* CharactersRequestSpec.swift */,
				37DA3927240C0FBD00D697F3 /* CharacterEntitySpec.swift */,
				37DA3929240C0FD300D697F3 /* CharacterDetailEntitySpec.swift */,
			);
			path = MarvelTests;
			sourceTree = "<group>";
		};
		379D0EC5240E845B0093A057 /* cell */ = {
			isa = PBXGroup;
			children = (
				379D0EC6240E84D20093A057 /* CharacterDetailCell.swift */,
				379D0EC7240E84D20093A057 /* CharacterDetailCell.xib */,
				379D0EE0240F1E4D0093A057 /* CharacterDetailSectionCell.swift */,
				379D0EE1240F1E4D0093A057 /* CharacterDetailSectionCell.xib */,
				37B13EED240FC6BF00FC53DF /* CharacterDetailHeader.swift */,
				37B13EEE240FC6BF00FC53DF /* CharacterDetailHeader.xib */,
			);
			path = cell;
			sourceTree = "<group>";
		};
		379D0ECC240E89F00093A057 /* CharacterList */ = {
			isa = PBXGroup;
			children = (
				379D0ECE240E8A250093A057 /* Character.swift */,
				379D0ECF240E8A250093A057 /* CharacterDetail.swift */,
				379D0ED0240E8A250093A057 /* CharacterItem.swift */,
			);
			path = CharacterList;
			sourceTree = "<group>";
		};
		379D0ECD240E89F80093A057 /* CharacterDetail */ = {
			isa = PBXGroup;
			children = (
				379D0ED6240E8B690093A057 /* Detail.swift */,
			);
			path = CharacterDetail;
			sourceTree = "<group>";
		};
		37B5EBFE2409718000C6F5D7 /* resources */ = {
			isa = PBXGroup;
			children = (
				37B5EBFF2409718000C6F5D7 /* LaunchScreen.storyboard */,
				37B5EC002409718000C6F5D7 /* Assets.xcassets */,
				37B5EC012409718000C6F5D7 /* Main.storyboard */,
			);
			path = resources;
			sourceTree = "<group>";
		};
		37B5EC022409718000C6F5D7 /* entities */ = {
			isa = PBXGroup;
			children = (
				379D0ECD240E89F80093A057 /* CharacterDetail */,
				379D0ECC240E89F00093A057 /* CharacterList */,
			);
			path = entities;
			sourceTree = "<group>";
		};
		37B5EC032409718000C6F5D7 /* data */ = {
			isa = PBXGroup;
			children = (
				37DA391E240BF29F00D697F3 /* mapper */,
				37DA38F1240BC99200D697F3 /* api */,
				37B5EC152409725A00C6F5D7 /* repository */,
			);
			path = data;
			sourceTree = "<group>";
		};
		37B5EC042409718000C6F5D7 /* supportingFiles */ = {
			isa = PBXGroup;
			children = (
				37B5EC052409718000C6F5D7 /* Info.plist */,
			);
			path = supportingFiles;
			sourceTree = "<group>";
		};
		37B5EC062409718000C6F5D7 /* modules */ = {
			isa = PBXGroup;
			children = (
				37B5EC072409718000C6F5D7 /* delegate */,
				37B5EC0A2409718000C6F5D7 /* charactersDetail */,
				37B5EC0B2409718000C6F5D7 /* charactersList */,
			);
			path = modules;
			sourceTree = "<group>";
		};
		37B5EC072409718000C6F5D7 /* delegate */ = {
			isa = PBXGroup;
			children = (
				37B5EC082409718000C6F5D7 /* AppDelegate.swift */,
				37B5EC092409718000C6F5D7 /* SceneDelegate.swift */,
			);
			path = delegate;
			sourceTree = "<group>";
		};
		37B5EC0A2409718000C6F5D7 /* charactersDetail */ = {
			isa = PBXGroup;
			children = (
				379D0EC5240E845B0093A057 /* cell */,
				379D0EDA240EA4BC0093A057 /* CharacterDetailDataManager.swift */,
				379D0ED8240E8BF30093A057 /* CharacterDetailInteractor.swift */,
				379D0EC3240D2AA60093A057 /* CharacterDetailPresenter.swift */,
				379D0EBF240D22E10093A057 /* CharacterDetailProtocols.swift */,
				379D0EC1240D2A540093A057 /* CharacterDetailViewController.swift */,
				379D0EBD240D22960093A057 /* CharacterDetailWireframe.swift */,
			);
			path = charactersDetail;
			sourceTree = "<group>";
		};
		37B5EC0B2409718000C6F5D7 /* charactersList */ = {
			isa = PBXGroup;
			children = (
				37DA392F240C8DDF00D697F3 /* cell */,
				37DA3902240BD47900D697F3 /* CharactersListDataManager.swift */,
				37DA3900240BD43900D697F3 /* CharactersListInteractor.swift */,
				37DA3908240BD4FE00D697F3 /* CharactersListPresenter.swift */,
				37DA3906240BD4E600D697F3 /* CharactersListProtocols.swift */,
				37DA390A240BD51300D697F3 /* CharactersListViewController.swift */,
				37DA3904240BD4A800D697F3 /* CharactersListWireframe.swift */,
			);
			path = charactersList;
			sourceTree = "<group>";
		};
		37B5EC152409725A00C6F5D7 /* repository */ = {
			isa = PBXGroup;
			children = (
				37B5EC162409725A00C6F5D7 /* Marvel.xcdatamodeld */,
			);
			path = repository;
			sourceTree = "<group>";
		};
		37DA38F1240BC99200D697F3 /* api */ = {
			isa = PBXGroup;
			children = (
				37DA38F2240BC9EB00D697F3 /* ApiDefinitions.swift */,
				37DA3911240BEC2800D697F3 /* ApiRequest.swift */,
				37DA391C240BF23700D697F3 /* ApiServices.swift */,
			);
			path = api;
			sourceTree = "<group>";
		};
		37DA38F9240BCE7300D697F3 /* model */ = {
			isa = PBXGroup;
			children = (
				37DA38FB240BCE8000D697F3 /* services */,
			);
			path = model;
			sourceTree = "<group>";
		};
		37DA38FB240BCE8000D697F3 /* services */ = {
			isa = PBXGroup;
			children = (
				37DA38FC240BCE8C00D697F3 /* Result.swift */,
				37DA3913240BED7900D697F3 /* CharacterResponse.swift */,
				379D0ECA240E89BC0093A057 /* CharacterDetailResponse.swift */,
			);
			path = services;
			sourceTree = "<group>";
		};
		37DA390C240BDE5500D697F3 /* extensions */ = {
			isa = PBXGroup;
			children = (
				37DA390F240BDEEF00D697F3 /* Error+Extension.swift */,
				37DA3919240BF02100D697F3 /* MD5Helper+Extension.swift */,
				37DA392D240C24EF00D697F3 /* UIViewController+Extension.swift */,
			);
			path = extensions;
			sourceTree = "<group>";
		};
		37DA391E240BF29F00D697F3 /* mapper */ = {
			isa = PBXGroup;
			children = (
				37DA391F240BF2B100D697F3 /* CharacterMapper.swift */,
				379D0EDE240EC0B50093A057 /* CharacterDetailMapper.swift */,
			);
			path = mapper;
			sourceTree = "<group>";
		};
		37DA392F240C8DDF00D697F3 /* cell */ = {
			isa = PBXGroup;
			children = (
				37DA3932240C912F00D697F3 /* CharactersListCell.swift */,
				37DA3930240C8E0800D697F3 /* CharactersListCell.xib */,
			);
			path = cell;
			sourceTree = "<group>";
		};
		72A47C363C9B869AC29D6720 /* Frameworks */ = {
			isa = PBXGroup;
			children = (
				AD7F33338854B2F55C82B01B /* Pods_Marvel.framework */,
				1AEEE3D6A32253A257E7EABB /* Pods_MarvelTests.framework */,
			);
			name = Frameworks;
			sourceTree = "<group>";
		};
/* End PBXGroup section */

/* Begin PBXNativeTarget section */
		37925B8724088D0400AE76A4 /* Marvel */ = {
			isa = PBXNativeTarget;
			buildConfigurationList = 37925BAA24088D0600AE76A4 /* Build configuration list for PBXNativeTarget "Marvel" */;
			buildPhases = (
				56785CEC19F33E50D2AAACF2 /* [CP] Check Pods Manifest.lock */,
				37925B8424088D0400AE76A4 /* Sources */,
				37925B8524088D0400AE76A4 /* Frameworks */,
				37925B8624088D0400AE76A4 /* Resources */,
				1C0B059188B90A3FB28C0F97 /* [CP] Embed Pods Frameworks */,
			);
			buildRules = (
			);
			dependencies = (
			);
			name = Marvel;
			productName = Marvel;
			productReference = 37925B8824088D0400AE76A4 /* Marvel.app */;
			productType = "com.apple.product-type.application";
		};
		37925BA024088D0600AE76A4 /* MarvelTests */ = {
			isa = PBXNativeTarget;
			buildConfigurationList = 37925BAD24088D0600AE76A4 /* Build configuration list for PBXNativeTarget "MarvelTests" */;
			buildPhases = (
				2F5864232983E6B9ABB21895 /* [CP] Check Pods Manifest.lock */,
				37925B9D24088D0600AE76A4 /* Sources */,
				37925B9E24088D0600AE76A4 /* Frameworks */,
				37925B9F24088D0600AE76A4 /* Resources */,
				7A2B8A47CDAED62C950D34BD /* [CP] Embed Pods Frameworks */,
			);
			buildRules = (
			);
			dependencies = (
				37925BA324088D0600AE76A4 /* PBXTargetDependency */,
			);
			name = MarvelTests;
			productName = MarvelTests;
			productReference = 37925BA124088D0600AE76A4 /* MarvelTests.xctest */;
			productType = "com.apple.product-type.bundle.unit-test";
		};
/* End PBXNativeTarget section */

/* Begin PBXProject section */
		37925B8024088D0400AE76A4 /* Project object */ = {
			isa = PBXProject;
			attributes = {
				LastSwiftUpdateCheck = 1130;
				LastUpgradeCheck = 1130;
				ORGANIZATIONNAME = "João Felipe Carvalho";
				TargetAttributes = {
					37925B8724088D0400AE76A4 = {
						CreatedOnToolsVersion = 11.3.1;
					};
					37925BA024088D0600AE76A4 = {
						CreatedOnToolsVersion = 11.3.1;
						TestTargetID = 37925B8724088D0400AE76A4;
					};
				};
			};
			buildConfigurationList = 37925B8324088D0400AE76A4 /* Build configuration list for PBXProject "Marvel" */;
			compatibilityVersion = "Xcode 9.3";
			developmentRegion = en;
			hasScannedForEncodings = 0;
			knownRegions = (
				en,
				Base,
			);
			mainGroup = 37925B7F24088D0400AE76A4;
			productRefGroup = 37925B8924088D0400AE76A4 /* Products */;
			projectDirPath = "";
			projectRoot = "";
			targets = (
				37925B8724088D0400AE76A4 /* Marvel */,
				37925BA024088D0600AE76A4 /* MarvelTests */,
			);
		};
/* End PBXProject section */

/* Begin PBXResourcesBuildPhase section */
		37925B8624088D0400AE76A4 /* Resources */ = {
			isa = PBXResourcesBuildPhase;
			buildActionMask = 2147483647;
			files = (
				37B13EF0240FC6BF00FC53DF /* CharacterDetailHeader.xib in Resources */,
				37B5EC102409718000C6F5D7 /* Main.storyboard in Resources */,
				37B5EC0F2409718000C6F5D7 /* Assets.xcassets in Resources */,
				379D0EE3240F1E4D0093A057 /* CharacterDetailSectionCell.xib in Resources */,
				37B5EC0E2409718000C6F5D7 /* LaunchScreen.storyboard in Resources */,
				379D0EC9240E84D20093A057 /* CharacterDetailCell.xib in Resources */,
				37DA3931240C8E0800D697F3 /* CharactersListCell.xib in Resources */,
			);
			runOnlyForDeploymentPostprocessing = 0;
		};
		37925B9F24088D0600AE76A4 /* Resources */ = {
			isa = PBXResourcesBuildPhase;
			buildActionMask = 2147483647;
			files = (
			);
			runOnlyForDeploymentPostprocessing = 0;
		};
/* End PBXResourcesBuildPhase section */

/* Begin PBXShellScriptBuildPhase section */
		1C0B059188B90A3FB28C0F97 /* [CP] Embed Pods Frameworks */ = {
			isa = PBXShellScriptBuildPhase;
			buildActionMask = 2147483647;
			files = (
			);
			inputFileListPaths = (
				"${PODS_ROOT}/Target Support Files/Pods-Marvel/Pods-Marvel-frameworks-${CONFIGURATION}-input-files.xcfilelist",
			);
			name = "[CP] Embed Pods Frameworks";
			outputFileListPaths = (
				"${PODS_ROOT}/Target Support Files/Pods-Marvel/Pods-Marvel-frameworks-${CONFIGURATION}-output-files.xcfilelist",
			);
			runOnlyForDeploymentPostprocessing = 0;
			shellPath = /bin/sh;
			shellScript = "\"${PODS_ROOT}/Target Support Files/Pods-Marvel/Pods-Marvel-frameworks.sh\"\n";
			showEnvVarsInLog = 0;
		};
		2F5864232983E6B9ABB21895 /* [CP] Check Pods Manifest.lock */ = {
			isa = PBXShellScriptBuildPhase;
			buildActionMask = 2147483647;
			files = (
			);
			inputFileListPaths = (
			);
			inputPaths = (
				"${PODS_PODFILE_DIR_PATH}/Podfile.lock",
				"${PODS_ROOT}/Manifest.lock",
			);
			name = "[CP] Check Pods Manifest.lock";
			outputFileListPaths = (
			);
			outputPaths = (
				"$(DERIVED_FILE_DIR)/Pods-MarvelTests-checkManifestLockResult.txt",
			);
			runOnlyForDeploymentPostprocessing = 0;
			shellPath = /bin/sh;
			shellScript = "diff \"${PODS_PODFILE_DIR_PATH}/Podfile.lock\" \"${PODS_ROOT}/Manifest.lock\" > /dev/null\nif [ $? != 0 ] ; then\n    # print error to STDERR\n    echo \"error: The sandbox is not in sync with the Podfile.lock. Run 'pod install' or update your CocoaPods installation.\" >&2\n    exit 1\nfi\n# This output is used by Xcode 'outputs' to avoid re-running this script phase.\necho \"SUCCESS\" > \"${SCRIPT_OUTPUT_FILE_0}\"\n";
			showEnvVarsInLog = 0;
		};
		56785CEC19F33E50D2AAACF2 /* [CP] Check Pods Manifest.lock */ = {
			isa = PBXShellScriptBuildPhase;
			buildActionMask = 2147483647;
			files = (
			);
			inputFileListPaths = (
			);
			inputPaths = (
				"${PODS_PODFILE_DIR_PATH}/Podfile.lock",
				"${PODS_ROOT}/Manifest.lock",
			);
			name = "[CP] Check Pods Manifest.lock";
			outputFileListPaths = (
			);
			outputPaths = (
				"$(DERIVED_FILE_DIR)/Pods-Marvel-checkManifestLockResult.txt",
			);
			runOnlyForDeploymentPostprocessing = 0;
			shellPath = /bin/sh;
			shellScript = "diff \"${PODS_PODFILE_DIR_PATH}/Podfile.lock\" \"${PODS_ROOT}/Manifest.lock\" > /dev/null\nif [ $? != 0 ] ; then\n    # print error to STDERR\n    echo \"error: The sandbox is not in sync with the Podfile.lock. Run 'pod install' or update your CocoaPods installation.\" >&2\n    exit 1\nfi\n# This output is used by Xcode 'outputs' to avoid re-running this script phase.\necho \"SUCCESS\" > \"${SCRIPT_OUTPUT_FILE_0}\"\n";
			showEnvVarsInLog = 0;
		};
		7A2B8A47CDAED62C950D34BD /* [CP] Embed Pods Frameworks */ = {
			isa = PBXShellScriptBuildPhase;
			buildActionMask = 2147483647;
			files = (
			);
			inputFileListPaths = (
				"${PODS_ROOT}/Target Support Files/Pods-MarvelTests/Pods-MarvelTests-frameworks-${CONFIGURATION}-input-files.xcfilelist",
			);
			name = "[CP] Embed Pods Frameworks";
			outputFileListPaths = (
				"${PODS_ROOT}/Target Support Files/Pods-MarvelTests/Pods-MarvelTests-frameworks-${CONFIGURATION}-output-files.xcfilelist",
			);
			runOnlyForDeploymentPostprocessing = 0;
			shellPath = /bin/sh;
			shellScript = "\"${PODS_ROOT}/Target Support Files/Pods-MarvelTests/Pods-MarvelTests-frameworks.sh\"\n";
			showEnvVarsInLog = 0;
		};
/* End PBXShellScriptBuildPhase section */

/* Begin PBXSourcesBuildPhase section */
		37925B8424088D0400AE76A4 /* Sources */ = {
			isa = PBXSourcesBuildPhase;
			buildActionMask = 2147483647;
			files = (
				379D0ED2240E8A250093A057 /* CharacterDetail.swift in Sources */,
				37DA3920240BF2B100D697F3 /* CharacterMapper.swift in Sources */,
				37DA390B240BD51300D697F3 /* CharactersListViewController.swift in Sources */,
				379D0EDB240EA4BC0093A057 /* CharacterDetailDataManager.swift in Sources */,
				37DA3901240BD43900D697F3 /* CharactersListInteractor.swift in Sources */,
				37DA3933240C912F00D697F3 /* CharactersListCell.swift in Sources */,
				37DA3914240BED7900D697F3 /* CharacterResponse.swift in Sources */,
				379D0ED7240E8B690093A057 /* Detail.swift in Sources */,
				37DA38FD240BCE8D00D697F3 /* Result.swift in Sources */,
				37DA3907240BD4E600D697F3 /* CharactersListProtocols.swift in Sources */,
				379D0EC4240D2AA60093A057 /* CharacterDetailPresenter.swift in Sources */,
				37DA391D240BF23700D697F3 /* ApiServices.swift in Sources */,
				37DA3905240BD4A800D697F3 /* CharactersListWireframe.swift in Sources */,
				37DA3910240BDEEF00D697F3 /* Error+Extension.swift in Sources */,
				379D0EC8240E84D20093A057 /* CharacterDetailCell.swift in Sources */,
				37DA392E240C24EF00D697F3 /* UIViewController+Extension.swift in Sources */,
				379D0ED9240E8BF30093A057 /* CharacterDetailInteractor.swift in Sources */,
				379D0ED3240E8A250093A057 /* CharacterItem.swift in Sources */,
				379D0ED1240E8A250093A057 /* Character.swift in Sources */,
				37B13EEF240FC6BF00FC53DF /* CharacterDetailHeader.swift in Sources */,
				37DA3903240BD47900D697F3 /* CharactersListDataManager.swift in Sources */,
				37B5EC122409718000C6F5D7 /* AppDelegate.swift in Sources */,
				37DA391A240BF02100D697F3 /* MD5Helper+Extension.swift in Sources */,
				37DA3909240BD4FE00D697F3 /* CharactersListPresenter.swift in Sources */,
				37DA38F3240BC9EB00D697F3 /* ApiDefinitions.swift in Sources */,
				37B5EC182409725A00C6F5D7 /* Marvel.xcdatamodeld in Sources */,
				379D0EC2240D2A540093A057 /* CharacterDetailViewController.swift in Sources */,
				379D0ECB240E89BC0093A057 /* CharacterDetailResponse.swift in Sources */,
				379D0EDF240EC0B50093A057 /* CharacterDetailMapper.swift in Sources */,
				379D0EE2240F1E4D0093A057 /* CharacterDetailSectionCell.swift in Sources */,
				37DA3912240BEC2800D697F3 /* ApiRequest.swift in Sources */,
				37B5EC132409718000C6F5D7 /* SceneDelegate.swift in Sources */,
				379D0EC0240D22E10093A057 /* CharacterDetailProtocols.swift in Sources */,
				379D0EBE240D22960093A057 /* CharacterDetailWireframe.swift in Sources */,
			);
			runOnlyForDeploymentPostprocessing = 0;
		};
		37925B9D24088D0600AE76A4 /* Sources */ = {
			isa = PBXSourcesBuildPhase;
			buildActionMask = 2147483647;
			files = (
				37DA392A240C0FD300D697F3 /* CharacterDetailEntitySpec.swift in Sources */,
				37DA3926240C03DD00D697F3 /* CharactersRequestSpec.swift in Sources */,
				37DA3928240C0FBD00D697F3 /* CharacterEntitySpec.swift in Sources */,
			);
			runOnlyForDeploymentPostprocessing = 0;
		};
/* End PBXSourcesBuildPhase section */

/* Begin PBXTargetDependency section */
		37925BA324088D0600AE76A4 /* PBXTargetDependency */ = {
			isa = PBXTargetDependency;
			target = 37925B8724088D0400AE76A4 /* Marvel */;
			targetProxy = 37925BA224088D0600AE76A4 /* PBXContainerItemProxy */;
		};
/* End PBXTargetDependency section */

/* Begin XCBuildConfiguration section */
		37925BA824088D0600AE76A4 /* Debug */ = {
			isa = XCBuildConfiguration;
			buildSettings = {
				ALWAYS_SEARCH_USER_PATHS = NO;
				CLANG_ANALYZER_NONNULL = YES;
				CLANG_ANALYZER_NUMBER_OBJECT_CONVERSION = YES_AGGRESSIVE;
				CLANG_CXX_LANGUAGE_STANDARD = "gnu++14";
				CLANG_CXX_LIBRARY = "libc++";
				CLANG_ENABLE_MODULES = YES;
				CLANG_ENABLE_OBJC_ARC = YES;
				CLANG_ENABLE_OBJC_WEAK = YES;
				CLANG_WARN_BLOCK_CAPTURE_AUTORELEASING = YES;
				CLANG_WARN_BOOL_CONVERSION = YES;
				CLANG_WARN_COMMA = YES;
				CLANG_WARN_CONSTANT_CONVERSION = YES;
				CLANG_WARN_DEPRECATED_OBJC_IMPLEMENTATIONS = YES;
				CLANG_WARN_DIRECT_OBJC_ISA_USAGE = YES_ERROR;
				CLANG_WARN_DOCUMENTATION_COMMENTS = YES;
				CLANG_WARN_EMPTY_BODY = YES;
				CLANG_WARN_ENUM_CONVERSION = YES;
				CLANG_WARN_INFINITE_RECURSION = YES;
				CLANG_WARN_INT_CONVERSION = YES;
				CLANG_WARN_NON_LITERAL_NULL_CONVERSION = YES;
				CLANG_WARN_OBJC_IMPLICIT_RETAIN_SELF = YES;
				CLANG_WARN_OBJC_LITERAL_CONVERSION = YES;
				CLANG_WARN_OBJC_ROOT_CLASS = YES_ERROR;
				CLANG_WARN_RANGE_LOOP_ANALYSIS = YES;
				CLANG_WARN_STRICT_PROTOTYPES = YES;
				CLANG_WARN_SUSPICIOUS_MOVE = YES;
				CLANG_WARN_UNGUARDED_AVAILABILITY = YES_AGGRESSIVE;
				CLANG_WARN_UNREACHABLE_CODE = YES;
				CLANG_WARN__DUPLICATE_METHOD_MATCH = YES;
				COPY_PHASE_STRIP = NO;
				DEBUG_INFORMATION_FORMAT = dwarf;
				ENABLE_STRICT_OBJC_MSGSEND = YES;
				ENABLE_TESTABILITY = YES;
				GCC_C_LANGUAGE_STANDARD = gnu11;
				GCC_DYNAMIC_NO_PIC = NO;
				GCC_NO_COMMON_BLOCKS = YES;
				GCC_OPTIMIZATION_LEVEL = 0;
				GCC_PREPROCESSOR_DEFINITIONS = (
					"DEBUG=1",
					"$(inherited)",
				);
				GCC_WARN_64_TO_32_BIT_CONVERSION = YES;
				GCC_WARN_ABOUT_RETURN_TYPE = YES_ERROR;
				GCC_WARN_UNDECLARED_SELECTOR = YES;
				GCC_WARN_UNINITIALIZED_AUTOS = YES_AGGRESSIVE;
				GCC_WARN_UNUSED_FUNCTION = YES;
				GCC_WARN_UNUSED_VARIABLE = YES;
				IPHONEOS_DEPLOYMENT_TARGET = 13.2;
				MTL_ENABLE_DEBUG_INFO = INCLUDE_SOURCE;
				MTL_FAST_MATH = YES;
				ONLY_ACTIVE_ARCH = YES;
				SDKROOT = iphoneos;
				SWIFT_ACTIVE_COMPILATION_CONDITIONS = DEBUG;
				SWIFT_OPTIMIZATION_LEVEL = "-Onone";
			};
			name = Debug;
		};
		37925BA924088D0600AE76A4 /* Release */ = {
			isa = XCBuildConfiguration;
			buildSettings = {
				ALWAYS_SEARCH_USER_PATHS = NO;
				CLANG_ANALYZER_NONNULL = YES;
				CLANG_ANALYZER_NUMBER_OBJECT_CONVERSION = YES_AGGRESSIVE;
				CLANG_CXX_LANGUAGE_STANDARD = "gnu++14";
				CLANG_CXX_LIBRARY = "libc++";
				CLANG_ENABLE_MODULES = YES;
				CLANG_ENABLE_OBJC_ARC = YES;
				CLANG_ENABLE_OBJC_WEAK = YES;
				CLANG_WARN_BLOCK_CAPTURE_AUTORELEASING = YES;
				CLANG_WARN_BOOL_CONVERSION = YES;
				CLANG_WARN_COMMA = YES;
				CLANG_WARN_CONSTANT_CONVERSION = YES;
				CLANG_WARN_DEPRECATED_OBJC_IMPLEMENTATIONS = YES;
				CLANG_WARN_DIRECT_OBJC_ISA_USAGE = YES_ERROR;
				CLANG_WARN_DOCUMENTATION_COMMENTS = YES;
				CLANG_WARN_EMPTY_BODY = YES;
				CLANG_WARN_ENUM_CONVERSION = YES;
				CLANG_WARN_INFINITE_RECURSION = YES;
				CLANG_WARN_INT_CONVERSION = YES;
				CLANG_WARN_NON_LITERAL_NULL_CONVERSION = YES;
				CLANG_WARN_OBJC_IMPLICIT_RETAIN_SELF = YES;
				CLANG_WARN_OBJC_LITERAL_CONVERSION = YES;
				CLANG_WARN_OBJC_ROOT_CLASS = YES_ERROR;
				CLANG_WARN_RANGE_LOOP_ANALYSIS = YES;
				CLANG_WARN_STRICT_PROTOTYPES = YES;
				CLANG_WARN_SUSPICIOUS_MOVE = YES;
				CLANG_WARN_UNGUARDED_AVAILABILITY = YES_AGGRESSIVE;
				CLANG_WARN_UNREACHABLE_CODE = YES;
				CLANG_WARN__DUPLICATE_METHOD_MATCH = YES;
				COPY_PHASE_STRIP = NO;
				DEBUG_INFORMATION_FORMAT = "dwarf-with-dsym";
				ENABLE_NS_ASSERTIONS = NO;
				ENABLE_STRICT_OBJC_MSGSEND = YES;
				GCC_C_LANGUAGE_STANDARD = gnu11;
				GCC_NO_COMMON_BLOCKS = YES;
				GCC_WARN_64_TO_32_BIT_CONVERSION = YES;
				GCC_WARN_ABOUT_RETURN_TYPE = YES_ERROR;
				GCC_WARN_UNDECLARED_SELECTOR = YES;
				GCC_WARN_UNINITIALIZED_AUTOS = YES_AGGRESSIVE;
				GCC_WARN_UNUSED_FUNCTION = YES;
				GCC_WARN_UNUSED_VARIABLE = YES;
				IPHONEOS_DEPLOYMENT_TARGET = 13.2;
				MTL_ENABLE_DEBUG_INFO = NO;
				MTL_FAST_MATH = YES;
				SDKROOT = iphoneos;
				SWIFT_COMPILATION_MODE = wholemodule;
				SWIFT_OPTIMIZATION_LEVEL = "-O";
				VALIDATE_PRODUCT = YES;
			};
			name = Release;
		};
		37925BAB24088D0600AE76A4 /* Debug */ = {
			isa = XCBuildConfiguration;
			baseConfigurationReference = F20F003C7D8E2ADFF86EB993 /* Pods-Marvel.debug.xcconfig */;
			buildSettings = {
				ASSETCATALOG_COMPILER_APPICON_NAME = AppIcon;
				CODE_SIGN_STYLE = Automatic;
				CURRENT_PROJECT_VERSION = 0;
				DEVELOPMENT_TEAM = 3URLZEFDTH;
				INFOPLIST_FILE = "$(SRCROOT)/Marvel/supportingFiles/Info.plist";
				LD_RUNPATH_SEARCH_PATHS = (
					"$(inherited)",
					"@executable_path/Frameworks",
				);
				MARKETING_VERSION = 1.0.0;
				PRODUCT_BUNDLE_IDENTIFIER = com.jfapps.Marvel;
				PRODUCT_NAME = "$(TARGET_NAME)";
				SWIFT_VERSION = 5.0;
				TARGETED_DEVICE_FAMILY = "1,2";
			};
			name = Debug;
		};
		37925BAC24088D0600AE76A4 /* Release */ = {
			isa = XCBuildConfiguration;
			baseConfigurationReference = 94E6AF4848B770BA071F2995 /* Pods-Marvel.release.xcconfig */;
			buildSettings = {
				ASSETCATALOG_COMPILER_APPICON_NAME = AppIcon;
				CODE_SIGN_STYLE = Automatic;
				CURRENT_PROJECT_VERSION = 0;
				DEVELOPMENT_TEAM = 3URLZEFDTH;
				INFOPLIST_FILE = "$(SRCROOT)/Marvel/supportingFiles/Info.plist";
				LD_RUNPATH_SEARCH_PATHS = (
					"$(inherited)",
					"@executable_path/Frameworks",
				);
				MARKETING_VERSION = 1.0.0;
				PRODUCT_BUNDLE_IDENTIFIER = com.jfapps.Marvel;
				PRODUCT_NAME = "$(TARGET_NAME)";
				SWIFT_VERSION = 5.0;
				TARGETED_DEVICE_FAMILY = "1,2";
			};
			name = Release;
		};
		37925BAE24088D0600AE76A4 /* Debug */ = {
			isa = XCBuildConfiguration;
			baseConfigurationReference = 21CED46F4D5CC79BA13451F6 /* Pods-MarvelTests.debug.xcconfig */;
			buildSettings = {
				ALWAYS_EMBED_SWIFT_STANDARD_LIBRARIES = YES;
				BUNDLE_LOADER = "$(TEST_HOST)";
				CODE_SIGN_STYLE = Automatic;
				DEVELOPMENT_TEAM = 3URLZEFDTH;
				INFOPLIST_FILE = MarvelTests/Info.plist;
				IPHONEOS_DEPLOYMENT_TARGET = 13.2;
				LD_RUNPATH_SEARCH_PATHS = (
					"$(inherited)",
					"@executable_path/Frameworks",
					"@loader_path/Frameworks",
				);
				PRODUCT_BUNDLE_IDENTIFIER = com.jfapps.MarvelTests;
				PRODUCT_NAME = "$(TARGET_NAME)";
				SWIFT_VERSION = 5.0;
				TARGETED_DEVICE_FAMILY = "1,2";
				TEST_HOST = "$(BUILT_PRODUCTS_DIR)/Marvel.app/Marvel";
			};
			name = Debug;
		};
		37925BAF24088D0600AE76A4 /* Release */ = {
			isa = XCBuildConfiguration;
			baseConfigurationReference = D1A9F6B99C6A8458B0983238 /* Pods-MarvelTests.release.xcconfig */;
			buildSettings = {
				ALWAYS_EMBED_SWIFT_STANDARD_LIBRARIES = YES;
				BUNDLE_LOADER = "$(TEST_HOST)";
				CODE_SIGN_STYLE = Automatic;
				DEVELOPMENT_TEAM = 3URLZEFDTH;
				INFOPLIST_FILE = MarvelTests/Info.plist;
				IPHONEOS_DEPLOYMENT_TARGET = 13.2;
				LD_RUNPATH_SEARCH_PATHS = (
					"$(inherited)",
					"@executable_path/Frameworks",
					"@loader_path/Frameworks",
				);
				PRODUCT_BUNDLE_IDENTIFIER = com.jfapps.MarvelTests;
				PRODUCT_NAME = "$(TARGET_NAME)";
				SWIFT_VERSION = 5.0;
				TARGETED_DEVICE_FAMILY = "1,2";
				TEST_HOST = "$(BUILT_PRODUCTS_DIR)/Marvel.app/Marvel";
			};
			name = Release;
		};
/* End XCBuildConfiguration section */

/* Begin XCConfigurationList section */
		37925B8324088D0400AE76A4 /* Build configuration list for PBXProject "Marvel" */ = {
			isa = XCConfigurationList;
			buildConfigurations = (
				37925BA824088D0600AE76A4 /* Debug */,
				37925BA924088D0600AE76A4 /* Release */,
			);
			defaultConfigurationIsVisible = 0;
			defaultConfigurationName = Release;
		};
		37925BAA24088D0600AE76A4 /* Build configuration list for PBXNativeTarget "Marvel" */ = {
			isa = XCConfigurationList;
			buildConfigurations = (
				37925BAB24088D0600AE76A4 /* Debug */,
				37925BAC24088D0600AE76A4 /* Release */,
			);
			defaultConfigurationIsVisible = 0;
			defaultConfigurationName = Release;
		};
		37925BAD24088D0600AE76A4 /* Build configuration list for PBXNativeTarget "MarvelTests" */ = {
			isa = XCConfigurationList;
			buildConfigurations = (
				37925BAE24088D0600AE76A4 /* Debug */,
				37925BAF24088D0600AE76A4 /* Release */,
			);
			defaultConfigurationIsVisible = 0;
			defaultConfigurationName = Release;
		};
/* End XCConfigurationList section */

/* Begin XCVersionGroup section */
		37B5EC162409725A00C6F5D7 /* Marvel.xcdatamodeld */ = {
			isa = XCVersionGroup;
			children = (
				37B5EC172409725A00C6F5D7 /* Marvel.xcdatamodel */,
			);
			currentVersion = 37B5EC172409725A00C6F5D7 /* Marvel.xcdatamodel */;
			path = Marvel.xcdatamodeld;
			sourceTree = "<group>";
			versionGroupType = wrapper.xcdatamodel;
		};
/* End XCVersionGroup section */
	};
	rootObject = 37925B8024088D0400AE76A4 /* Project object */;
}
